
Microsoft Visual Studio Solution File, Format Version 12.00
# Visual Studio Version 16
VisualStudioVersion = 16.0.29905.134
MinimumVisualStudioVersion = 10.0.40219.1
Project("{FAE04EC0-301F-11D3-BF4B-00C04F79EFBC}") = "Level3", "Level3\Level3.csproj", "{729E32E6-EA3E-4875-8D4C-318D46C81E72}"
EndProject
Global
	GlobalSection(SolutionConfigurationPlatforms) = preSolution
		Debug|Any CPU = Debug|Any CPU
		Release|Any CPU = Release|Any CPU
	EndGlobalSection
	GlobalSection(ProjectConfigurationPlatforms) = postSolution
		{729E32E6-EA3E-4875-8D4C-318D46C81E72}.Debug|Any CPU.ActiveCfg = Debug|Any CPU
		{729E32E6-EA3E-4875-8D4C-318D46C81E72}.Debug|Any CPU.Build.0 = Debug|Any CPU
		{729E32E6-EA3E-4875-8D4C-318D46C81E72}.Release|Any CPU.ActiveCfg = Release|Any CPU
		{729E32E6-EA3E-4875-8D4C-318D46C81E72}.Release|Any CPU.Build.0 = Release|Any CPU
	EndGlobalSection
	GlobalSection(SolutionProperties) = preSolution
		HideSolutionNode = FALSE
	EndGlobalSection
	GlobalSection(ExtensibilityGlobals) = postSolution
		SolutionGuid = {6402FDCA-B630-49D6-893D-28AA718744BB}
	EndGlobalSection
EndGlobal
